
Microsoft Visual Studio Solution File, Format Version 12.00
# Visual Studio Version 17
VisualStudioVersion = 17.4.33122.133
MinimumVisualStudioVersion = 10.0.40219.1
Project("{9A19103F-16F7-4668-BE54-9A1E7A4F7556}") = "WebAPI", "WebAPI.csproj", "{6C35D8A4-8031-4C3F-95E2-DFB727D91ECD}"
EndProject
Global
	GlobalSection(SolutionConfigurationPlatforms) = preSolution
		Debug|Any CPU = Debug|Any CPU
		Release|Any CPU = Release|Any CPU
	EndGlobalSection
	GlobalSection(ProjectConfigurationPlatforms) = postSolution
		{6C35D8A4-8031-4C3F-95E2-DFB727D91ECD}.Debug|Any CPU.ActiveCfg = Debug|Any CPU
		{6C35D8A4-8031-4C3F-95E2-DFB727D91ECD}.Debug|Any CPU.Build.0 = Debug|Any CPU
		{6C35D8A4-8031-4C3F-95E2-DFB727D91ECD}.Release|Any CPU.ActiveCfg = Release|Any CPU
		{6C35D8A4-8031-4C3F-95E2-DFB727D91ECD}.Release|Any CPU.Build.0 = Release|Any CPU
	EndGlobalSection
	GlobalSection(SolutionProperties) = preSolution
		HideSolutionNode = FALSE
	EndGlobalSection
	GlobalSection(ExtensibilityGlobals) = postSolution
		SolutionGuid = {D333BD8B-72DC-4456-985F-A34EE45D4A64}
	EndGlobalSection
EndGlobal
